
Microsoft Visual Studio Solution File, Format Version 12.00
# Visual Studio Version 17
VisualStudioVersion = 17.0.32014.148
MinimumVisualStudioVersion = 10.0.40219.1
Project("{FAE04EC0-301F-11D3-BF4B-00C04F79EFBC}") = "UcusRezervasyonSistemi", "UcusRezervasyonSistemi\UcusRezervasyonSistemi.csproj", "{7450BA21-7709-4202-A645-C020712C63D8}"
EndProject
Global
	GlobalSection(SolutionConfigurationPlatforms) = preSolution
		Debug|Any CPU = Debug|Any CPU
		Release|Any CPU = Release|Any CPU
	EndGlobalSection
	GlobalSection(ProjectConfigurationPlatforms) = postSolution
		{7450BA21-7709-4202-A645-C020712C63D8}.Debug|Any CPU.ActiveCfg = Debug|Any CPU
		{7450BA21-7709-4202-A645-C020712C63D8}.Debug|Any CPU.Build.0 = Debug|Any CPU
		{7450BA21-7709-4202-A645-C020712C63D8}.Release|Any CPU.ActiveCfg = Release|Any CPU
		{7450BA21-7709-4202-A645-C020712C63D8}.Release|Any CPU.Build.0 = Release|Any CPU
	EndGlobalSection
	GlobalSection(SolutionProperties) = preSolution
		HideSolutionNode = FALSE
	EndGlobalSection
	GlobalSection(ExtensibilityGlobals) = postSolution
		SolutionGuid = {54324ABD-9DA8-4B7E-93BE-9C7D64511A88}
	EndGlobalSection
EndGlobal
